{
  "originHash" : "0f78567d55b0b2f24185ee8b8f8269bfe34a3c7eb844aa213f612fdadb4307dd",
  "pins" : [
    {
      "identity" : "aexml",
      "kind" : "remoteSourceControl",
      "location" : "https://github.com/tadija/AEXML.git",
      "state" : {
        "revision" : "db806756c989760b35108146381535aec231092b",
        "version" : "4.7.0"
      }
    }
  ],
  "version" : 3
}
